
Microsoft Visual Studio Solution File, Format Version 12.00
# Visual Studio Version 17
VisualStudioVersion = 17.8.34322.80
MinimumVisualStudioVersion = 10.0.40219.1
Project("{FAE04EC0-301F-11D3-BF4B-00C04F79EFBC}") = "itentika", "itentika\itentika.csproj", "{DCB3B09E-6E41-4237-8C34-3D1F90460346}"
EndProject
Global
	GlobalSection(SolutionConfigurationPlatforms) = preSolution
		Debug|Any CPU = Debug|Any CPU
		Release|Any CPU = Release|Any CPU
	EndGlobalSection
	GlobalSection(ProjectConfigurationPlatforms) = postSolution
		{DCB3B09E-6E41-4237-8C34-3D1F90460346}.Debug|Any CPU.ActiveCfg = Debug|Any CPU
		{DCB3B09E-6E41-4237-8C34-3D1F90460346}.Debug|Any CPU.Build.0 = Debug|Any CPU
		{DCB3B09E-6E41-4237-8C34-3D1F90460346}.Release|Any CPU.ActiveCfg = Release|Any CPU
		{DCB3B09E-6E41-4237-8C34-3D1F90460346}.Release|Any CPU.Build.0 = Release|Any CPU
	EndGlobalSection
	GlobalSection(SolutionProperties) = preSolution
		HideSolutionNode = FALSE
	EndGlobalSection
	GlobalSection(ExtensibilityGlobals) = postSolution
		SolutionGuid = {E235E6AD-1CAF-4455-BA55-0C8D9885F427}
	EndGlobalSection
EndGlobal
