
Microsoft Visual Studio Solution File, Format Version 12.00
# Visual Studio Version 17
VisualStudioVersion = 17.8.34322.80
MinimumVisualStudioVersion = 10.0.40219.1
Project("{FAE04EC0-301F-11D3-BF4B-00C04F79EFBC}") = "itentikaproc", "itentikaproc\itentikaproc.csproj", "{AE976A6E-83DA-4C6C-BFD0-91260990982E}"
EndProject
Global
	GlobalSection(SolutionConfigurationPlatforms) = preSolution
		Debug|Any CPU = Debug|Any CPU
		Release|Any CPU = Release|Any CPU
	EndGlobalSection
	GlobalSection(ProjectConfigurationPlatforms) = postSolution
		{AE976A6E-83DA-4C6C-BFD0-91260990982E}.Debug|Any CPU.ActiveCfg = Debug|Any CPU
		{AE976A6E-83DA-4C6C-BFD0-91260990982E}.Debug|Any CPU.Build.0 = Debug|Any CPU
		{AE976A6E-83DA-4C6C-BFD0-91260990982E}.Release|Any CPU.ActiveCfg = Release|Any CPU
		{AE976A6E-83DA-4C6C-BFD0-91260990982E}.Release|Any CPU.Build.0 = Release|Any CPU
	EndGlobalSection
	GlobalSection(SolutionProperties) = preSolution
		HideSolutionNode = FALSE
	EndGlobalSection
	GlobalSection(ExtensibilityGlobals) = postSolution
		SolutionGuid = {1A583A2A-5EF2-462E-A3AD-A885428F3AAC}
	EndGlobalSection
EndGlobal
